
Microsoft Visual Studio Solution File, Format Version 12.00
# Visual Studio 15
VisualStudioVersion = 15.0.26228.4
MinimumVisualStudioVersion = 10.0.40219.1
Project("{FAE04EC0-301F-11D3-BF4B-00C04F79EFBC}") = "IntervalOverlapAlgo", "IntervalOverlapAlgo\IntervalOverlapAlgo.csproj", "{514F1479-9E6E-4024-869F-DD4C778E26DC}"
EndProject
Project("{FAE04EC0-301F-11D3-BF4B-00C04F79EFBC}") = "Overlap.UnitTest", "Overlap.UnitTest\Overlap.UnitTest.csproj", "{1FA283BD-2718-43EA-9A4C-F480855F53E0}"
EndProject
Global
	GlobalSection(SolutionConfigurationPlatforms) = preSolution
		Debug|Any CPU = Debug|Any CPU
		Release|Any CPU = Release|Any CPU
	EndGlobalSection
	GlobalSection(ProjectConfigurationPlatforms) = postSolution
		{514F1479-9E6E-4024-869F-DD4C778E26DC}.Debug|Any CPU.ActiveCfg = Debug|Any CPU
		{514F1479-9E6E-4024-869F-DD4C778E26DC}.Debug|Any CPU.Build.0 = Debug|Any CPU
		{514F1479-9E6E-4024-869F-DD4C778E26DC}.Release|Any CPU.ActiveCfg = Release|Any CPU
		{514F1479-9E6E-4024-869F-DD4C778E26DC}.Release|Any CPU.Build.0 = Release|Any CPU
		{1FA283BD-2718-43EA-9A4C-F480855F53E0}.Debug|Any CPU.ActiveCfg = Debug|Any CPU
		{1FA283BD-2718-43EA-9A4C-F480855F53E0}.Debug|Any CPU.Build.0 = Debug|Any CPU
		{1FA283BD-2718-43EA-9A4C-F480855F53E0}.Release|Any CPU.ActiveCfg = Release|Any CPU
		{1FA283BD-2718-43EA-9A4C-F480855F53E0}.Release|Any CPU.Build.0 = Release|Any CPU
	EndGlobalSection
	GlobalSection(SolutionProperties) = preSolution
		HideSolutionNode = FALSE
	EndGlobalSection
EndGlobal
